<?xml version="1.0" encoding="utf-8"?>
<Project ToolsVersion="4.0" xmlns="http://schemas.microsoft.com/developer/msbuild/2003">
  <ItemGroup>
    <ClCompile Include="Source\Dll.cpp">
      <Filter>Source</Filter>
    </ClCompile>
    <ClCompile Include="BuildingManager.cpp">
      <Filter>Source</Filter>
    </ClCompile>
    <ClCompile Include="BuildTask.cpp">
      <Filter>Source</Filter>
    </ClCompile>
    <ClCompile Include="Source\Licenta.cpp">
      <Filter>Source</Filter>
    </ClCompile>
    <ClCompile Include="BuildOrder.cpp">
      <Filter>Source</Filter>
    </ClCompile>
    <ClCompile Include="WorkerManager.cpp">
      <Filter>Source</Filter>
    </ClCompile>
    <ClCompile Include="Manager.cpp">
      <Filter>Source</Filter>
    </ClCompile>
    <ClCompile Include="ArmyManager.cpp">
      <Filter>Source</Filter>
    </ClCompile>
    <ClCompile Include="ResourceManager.cpp">
      <Filter>Source</Filter>
    </ClCompile>
    <ClCompile Include="ProductionManager.cpp">
      <Filter>Source</Filter>
    </ClCompile>
    <ClCompile Include="TerrainAnalyzer.cpp">
      <Filter>Source</Filter>
    </ClCompile>
  </ItemGroup>
  <ItemGroup>
    <Filter Include="Source">
      <UniqueIdentifier>{412bbe7a-161c-4a11-bb92-451a35e7b0dc}</UniqueIdentifier>
    </Filter>
    <Filter Include="Headers">
      <UniqueIdentifier>{a388a186-3082-438f-bb5d-f31c549bb9d4}</UniqueIdentifier>
    </Filter>
    <Filter Include="Interfaces">
      <UniqueIdentifier>{9cf0e9b4-d995-4cc9-bbe9-6947c219c1fd}</UniqueIdentifier>
    </Filter>
  </ItemGroup>
  <ItemGroup>
    <ClInclude Include="BuildingManager.h">
      <Filter>Headers</Filter>
    </ClInclude>
    <ClInclude Include="BuildTask.h">
      <Filter>Headers</Filter>
    </ClInclude>
    <ClInclude Include="Source\Licenta.h">
      <Filter>Headers</Filter>
    </ClInclude>
    <ClInclude Include="BuildOrder.h">
      <Filter>Headers</Filter>
    </ClInclude>
    <ClInclude Include="resource.h" />
    <ClInclude Include="WorkerManager.h">
      <Filter>Headers</Filter>
    </ClInclude>
    <ClInclude Include="Manager.h">
      <Filter>Headers</Filter>
    </ClInclude>
    <ClInclude Include="ArmyManager.h">
      <Filter>Headers</Filter>
    </ClInclude>
    <ClInclude Include="ResourceManager.h">
      <Filter>Headers</Filter>
    </ClInclude>
    <ClInclude Include="ProductionManager.h">
      <Filter>Headers</Filter>
    </ClInclude>
    <ClInclude Include="TerrainAnalyzer.h">
      <Filter>Headers</Filter>
    </ClInclude>
  </ItemGroup>
  <ItemGroup>
    <ResourceCompile Include="Licenta.rc" />
  </ItemGroup>
</Project>